
Microsoft Visual Studio Solution File, Format Version 12.00
# Visual Studio Version 16
VisualStudioVersion = 16.0.31515.178
MinimumVisualStudioVersion = 10.0.40219.1
Project("{8BC9CEB8-8B4A-11D0-8D11-00A0C91BC942}") = "ParabenInterviewQuestion", "ParabenInterviewQuestion\ParabenInterviewQuestion.vcxproj", "{60ECB58E-74F3-4418-886F-A96277CA7280}"
EndProject
Global
	GlobalSection(SolutionConfigurationPlatforms) = preSolution
		Debug|x64 = Debug|x64
		Debug|x86 = Debug|x86
		Release|x64 = Release|x64
		Release|x86 = Release|x86
	EndGlobalSection
	GlobalSection(ProjectConfigurationPlatforms) = postSolution
		{60ECB58E-74F3-4418-886F-A96277CA7280}.Debug|x64.ActiveCfg = Debug|x64
		{60ECB58E-74F3-4418-886F-A96277CA7280}.Debug|x64.Build.0 = Debug|x64
		{60ECB58E-74F3-4418-886F-A96277CA7280}.Debug|x86.ActiveCfg = Debug|Win32
		{60ECB58E-74F3-4418-886F-A96277CA7280}.Debug|x86.Build.0 = Debug|Win32
		{60ECB58E-74F3-4418-886F-A96277CA7280}.Release|x64.ActiveCfg = Release|x64
		{60ECB58E-74F3-4418-886F-A96277CA7280}.Release|x64.Build.0 = Release|x64
		{60ECB58E-74F3-4418-886F-A96277CA7280}.Release|x86.ActiveCfg = Release|Win32
		{60ECB58E-74F3-4418-886F-A96277CA7280}.Release|x86.Build.0 = Release|Win32
	EndGlobalSection
	GlobalSection(SolutionProperties) = preSolution
		HideSolutionNode = FALSE
	EndGlobalSection
	GlobalSection(ExtensibilityGlobals) = postSolution
		SolutionGuid = {92E7FB8C-35D0-4B07-A80F-3E7BC1C265CF}
	EndGlobalSection
EndGlobal
